
Microsoft Visual Studio Solution File, Format Version 12.00
# Visual Studio 15
VisualStudioVersion = 15.0.27130.2020
MinimumVisualStudioVersion = 10.0.40219.1
Project("{FAE04EC0-301F-11D3-BF4B-00C04F79EFBC}") = "SpeculativeExecutionAssessment", "SpeculativeExecutionAssessment\SpeculativeExecutionAssessment.csproj", "{A10F0DE6-F08A-45A6-B9D0-71342F6931E7}"
EndProject
Global
	GlobalSection(SolutionConfigurationPlatforms) = preSolution
		Debug|Any CPU = Debug|Any CPU
		Release|Any CPU = Release|Any CPU
	EndGlobalSection
	GlobalSection(ProjectConfigurationPlatforms) = postSolution
		{A10F0DE6-F08A-45A6-B9D0-71342F6931E7}.Debug|Any CPU.ActiveCfg = Debug|Any CPU
		{A10F0DE6-F08A-45A6-B9D0-71342F6931E7}.Debug|Any CPU.Build.0 = Debug|Any CPU
		{A10F0DE6-F08A-45A6-B9D0-71342F6931E7}.Release|Any CPU.ActiveCfg = Release|Any CPU
		{A10F0DE6-F08A-45A6-B9D0-71342F6931E7}.Release|Any CPU.Build.0 = Release|Any CPU
	EndGlobalSection
	GlobalSection(SolutionProperties) = preSolution
		HideSolutionNode = FALSE
	EndGlobalSection
	GlobalSection(ExtensibilityGlobals) = postSolution
		SolutionGuid = {852EAB4B-EED0-438D-B447-00FFE954227A}
	EndGlobalSection
EndGlobal
